# Migrations that have shipped in a TAGGED RELEASE, frozen by sha256. Gate MIG003 compares each
# line against the file on disk and fails the build when one has changed.
#
# Why: a shipped migration has already run against the only copy of the ownership records. Editing
# it changes what a FRESH database gets and nothing about the one in production, so the two diverge
# with nothing to notice — and migrations are forward-only, so there is no down path that would.
#
# THERE ARE NO ENTRIES YET, because no release has been tagged. Everything in
# db/migrations-sqlite/ is still editable, and MIG003 reports itself vacant rather than passing.
#
# Freeze what a release ships BEFORE tagging it:
#
#     make freeze-migrations
#     git add db/SHIPPED.lock && git commit -s -m 'chore(db): freeze shipped migrations'
#     git tag -s vX.Y.Z
#
# That order is not advice. Gate MIG004 refuses to build a release image for a `v*` tag whose
# migrations are not listed here, so a release that skipped the freeze fails instead of shipping
# with MIG003 comparing nothing. Previously this file documented the one-liner
# `shasum -a 256 db/migrations-sqlite/*.sql >> db/SHIPPED.lock` and nothing ran it — a rule whose
# mechanism is "somebody remembers on release day" (issue #14).
#
# The format is one `<sha256>  <path>` line per file, which is what shasum already writes, so a
# hand-appended line and a generated one are the same thing. Lines starting with # are ignored.
4887463a3fb3fab5aac76dac84ac1665d6b7822910e365d3216fabc7a0310e10  db/migrations-sqlite/20260818210309_initial_schema.sql
213bd25ebf430a98bf557c6931c10c8e98c17f4f10661a068f35058f2a39da69  db/migrations-sqlite/20260819015527_sessions_and_oauth_flows.sql
9df76d68873bd5aa655da78ac0b1aa696e26690f7b00aa5c07cdd0477b5ec272  db/migrations-sqlite/20260820124719_personal_access_tokens.sql
4b11e8810ae2e46f997b3c2bc15f1b57d8100dff1f3e661a0a82e4ea8d0f7a9d  db/migrations-sqlite/20260820131854_release_notes.sql
edf60f31b97a268f7c536a9bae83afabf9012a50228ada17b882e76114d84385  db/migrations-sqlite/20260820142711_publish_idempotency_and_verified_hash.sql
